
Microsoft Visual Studio Solution File, Format Version 12.00
# Visual Studio Version 16
VisualStudioVersion = 16.0.29403.142
MinimumVisualStudioVersion = 10.0.40219.1
Project("{9A19103F-16F7-4668-BE54-9A1E7A4F7556}") = "User_interface", "User_interface\User_interface.csproj", "{29116E25-2BB7-4A8C-A0AD-4AB6555F486D}"
EndProject
Project("{9A19103F-16F7-4668-BE54-9A1E7A4F7556}") = "UnitTests", "UnitTests\UnitTests.csproj", "{2813A7CA-1B81-4D1E-B051-A4A8E2A0A095}"
EndProject
Project("{9A19103F-16F7-4668-BE54-9A1E7A4F7556}") = "Uceni_jazyku", "Uceni_jazyku\Uceni_jazyku.csproj", "{DC32911D-1D08-4101-B2F6-49EB165C9E0E}"
EndProject
Project("{2150E333-8FDC-42A3-9474-1A3956D46DE8}") = "Solution Items", "Solution Items", "{D5BDC13F-C380-49AA-918A-0AF17E0ACD7F}"
	ProjectSection(SolutionItems) = preProject
		.circleci\config.yml = .circleci\config.yml
		.github\pull_request_template.md = .github\pull_request_template.md
		docs\test_conventions.md = docs\test_conventions.md
	EndProjectSection
EndProject
Global
	GlobalSection(SolutionConfigurationPlatforms) = preSolution
		Debug|Any CPU = Debug|Any CPU
		Release|Any CPU = Release|Any CPU
	EndGlobalSection
	GlobalSection(ProjectConfigurationPlatforms) = postSolution
		{29116E25-2BB7-4A8C-A0AD-4AB6555F486D}.Debug|Any CPU.ActiveCfg = Debug|Any CPU
		{29116E25-2BB7-4A8C-A0AD-4AB6555F486D}.Debug|Any CPU.Build.0 = Debug|Any CPU
		{29116E25-2BB7-4A8C-A0AD-4AB6555F486D}.Release|Any CPU.ActiveCfg = Release|Any CPU
		{29116E25-2BB7-4A8C-A0AD-4AB6555F486D}.Release|Any CPU.Build.0 = Release|Any CPU
		{2813A7CA-1B81-4D1E-B051-A4A8E2A0A095}.Debug|Any CPU.ActiveCfg = Debug|Any CPU
		{2813A7CA-1B81-4D1E-B051-A4A8E2A0A095}.Debug|Any CPU.Build.0 = Debug|Any CPU
		{2813A7CA-1B81-4D1E-B051-A4A8E2A0A095}.Release|Any CPU.ActiveCfg = Release|Any CPU
		{2813A7CA-1B81-4D1E-B051-A4A8E2A0A095}.Release|Any CPU.Build.0 = Release|Any CPU
		{DC32911D-1D08-4101-B2F6-49EB165C9E0E}.Debug|Any CPU.ActiveCfg = Debug|Any CPU
		{DC32911D-1D08-4101-B2F6-49EB165C9E0E}.Debug|Any CPU.Build.0 = Debug|Any CPU
		{DC32911D-1D08-4101-B2F6-49EB165C9E0E}.Release|Any CPU.ActiveCfg = Release|Any CPU
		{DC32911D-1D08-4101-B2F6-49EB165C9E0E}.Release|Any CPU.Build.0 = Release|Any CPU
	EndGlobalSection
	GlobalSection(SolutionProperties) = preSolution
		HideSolutionNode = FALSE
	EndGlobalSection
	GlobalSection(ExtensibilityGlobals) = postSolution
		SolutionGuid = {D6FD2294-5964-47A5-8360-8198F59E40E0}
	EndGlobalSection
EndGlobal
